
Microsoft Visual Studio Solution File, Format Version 12.00
# Visual Studio 2012
Project("{FAE04EC0-301F-11D3-BF4B-00C04F79EFBC}") = "ASCIIartist", ".\ASCIIartist\ASCIIartist.csproj", "{512949D1-A360-402C-AFA0-B74C3945B923}"
EndProject
Project("{FAE04EC0-301F-11D3-BF4B-00C04F79EFBC}") = "ASCIIartist.UTIL", ".\ASCIIartist.UTIL\ASCIIartist.UTIL.csproj", "{1FF54504-B1FA-4D03-8932-C4881C754EF5}"
EndProject
Global
	GlobalSection(SolutionConfigurationPlatforms) = preSolution
		Debug|Any CPU = Debug|Any CPU
		Release|Any CPU = Release|Any CPU
	EndGlobalSection
	GlobalSection(ProjectConfigurationPlatforms) = postSolution
		{512949D1-A360-402C-AFA0-B74C3945B923}.Debug|Any CPU.ActiveCfg = Debug|Any CPU
		{512949D1-A360-402C-AFA0-B74C3945B923}.Debug|Any CPU.Build.0 = Debug|Any CPU
		{512949D1-A360-402C-AFA0-B74C3945B923}.Release|Any CPU.ActiveCfg = Release|Any CPU
		{512949D1-A360-402C-AFA0-B74C3945B923}.Release|Any CPU.Build.0 = Release|Any CPU
		{1FF54504-B1FA-4D03-8932-C4881C754EF5}.Debug|Any CPU.ActiveCfg = Debug|Any CPU
		{1FF54504-B1FA-4D03-8932-C4881C754EF5}.Debug|Any CPU.Build.0 = Debug|Any CPU
		{1FF54504-B1FA-4D03-8932-C4881C754EF5}.Release|Any CPU.ActiveCfg = Release|Any CPU
		{1FF54504-B1FA-4D03-8932-C4881C754EF5}.Release|Any CPU.Build.0 = Release|Any CPU
	EndGlobalSection
	GlobalSection(SolutionProperties) = preSolution
		HideSolutionNode = FALSE
	EndGlobalSection
EndGlobal
